// !$*UTF8*$!
{
	archiveVersion = 1;
	classes = {
	};
	objectVersion = 46;
	objects = {

/* Begin PBXBuildFile section */
		10C2B0E31E73AB3C000CF39F /* AppDelegate.swift in Sources */ = {isa = PBXBuildFile; fileRef = 10C2B0E21E73AB3C000CF39F /* AppDelegate.swift */; };
		10C2B0E51E73AB3C000CF39F /* ViewController.swift in Sources */ = {isa = PBXBuildFile; fileRef = 10C2B0E41E73AB3C000CF39F /* ViewController.swift */; };
		10C2B0E81E73AB3C000CF39F /* Main.storyboard in Resources */ = {isa = PBXBuildFile; fileRef = 10C2B0E61E73AB3C000CF39F /* Main.storyboard */; };
		10C2B0EA1E73AB3C000CF39F /* Assets.xcassets in Resources */ = {isa = PBXBuildFile; fileRef = 10C2B0E91E73AB3C000CF39F /* Assets.xcassets */; };
		10C2B0ED1E73AB3C000CF39F /* LaunchScreen.storyboard in Resources */ = {isa = PBXBuildFile; fileRef = 10C2B0EB1E73AB3C000CF39F /* LaunchScreen.storyboard */; };
		10C2B0FC1E73ABE2000CF39F /* NotoSans-Bold.ttf in Resources */ = {isa = PBXBuildFile; fileRef = 10C2B0F81E73ABE2000CF39F /* NotoSans-Bold.ttf */; };
		10C2B0FD1E73ABE2000CF39F /* NotoSans-BoldItalic.ttf in Resources */ = {isa = PBXBuildFile; fileRef = 10C2B0F91E73ABE2000CF39F /* NotoSans-BoldItalic.ttf */; };
		10C2B0FE1E73ABE2000CF39F /* NotoSans-Italic.ttf in Resources */ = {isa = PBXBuildFile; fileRef = 10C2B0FA1E73ABE2000CF39F /* NotoSans-Italic.ttf */; };
		10C2B0FF1E73ABE2000CF39F /* NotoSans-Regular.ttf in Resources */ = {isa = PBXBuildFile; fileRef = 10C2B0FB1E73ABE2000CF39F /* NotoSans-Regular.ttf */; };
		10C2B1011E73AD6A000CF39F /* MaterialView.swift in Sources */ = {isa = PBXBuildFile; fileRef = 10C2B1001E73AD6A000CF39F /* MaterialView.swift */; };
		10C2B1041E73ADA6000CF39F /* Constants.swift in Sources */ = {isa = PBXBuildFile; fileRef = 10C2B1031E73ADA6000CF39F /* Constants.swift */; };
		10C2B1061E73C48B000CF39F /* MaterialButton.swift in Sources */ = {isa = PBXBuildFile; fileRef = 10C2B1051E73C48B000CF39F /* MaterialButton.swift */; };
		10C2B1081E73C678000CF39F /* MaterialTextField.swift in Sources */ = {isa = PBXBuildFile; fileRef = 10C2B1071E73C678000CF39F /* MaterialTextField.swift */; };
		10C2B11A1E7A0A2A000CF39F /* Bolts.framework in Frameworks */ = {isa = PBXBuildFile; fileRef = 10C2B1171E7A0A2A000CF39F /* Bolts.framework */; };
		10C2B11B1E7A0A2A000CF39F /* FBSDKCoreKit.framework in Frameworks */ = {isa = PBXBuildFile; fileRef = 10C2B1181E7A0A2A000CF39F /* FBSDKCoreKit.framework */; };
		10C2B11C1E7A0A2A000CF39F /* FBSDKLoginKit.framework in Frameworks */ = {isa = PBXBuildFile; fileRef = 10C2B1191E7A0A2A000CF39F /* FBSDKLoginKit.framework */; };
		E5CE2E056F6326A1C17BE69A /* Pods_devslopes_showcase.framework in Frameworks */ = {isa = PBXBuildFile; fileRef = 629BA958DCF6212774761A81 /* Pods_devslopes_showcase.framework */; };
/* End PBXBuildFile section */

/* Begin PBXFileReference section */
		10C2B0DF1E73AB3C000CF39F /* devslopes-showcase.app */ = {isa = PBXFileReference; explicitFileType = wrapper.application; includeInIndex = 0; path = "devslopes-showcase.app"; sourceTree = BUILT_PRODUCTS_DIR; };
		10C2B0E21E73AB3C000CF39F /* AppDelegate.swift */ = {isa = PBXFileReference; lastKnownFileType = sourcecode.swift; path = AppDelegate.swift; sourceTree = "<group>"; };
		10C2B0E41E73AB3C000CF39F /* ViewController.swift */ = {isa = PBXFileReference; lastKnownFileType = sourcecode.swift; path = ViewController.swift; sourceTree = "<group>"; };
		10C2B0E71E73AB3C000CF39F /* Base */ = {isa = PBXFileReference; lastKnownFileType = file.storyboard; name = Base; path = Base.lproj/Main.storyboard; sourceTree = "<group>"; };
		10C2B0E91E73AB3C000CF39F /* Assets.xcassets */ = {isa = PBXFileReference; lastKnownFileType = folder.assetcatalog; path = Assets.xcassets; sourceTree = "<group>"; };
		10C2B0EC1E73AB3C000CF39F /* Base */ = {isa = PBXFileReference; lastKnownFileType = file.storyboard; name = Base; path = Base.lproj/LaunchScreen.storyboard; sourceTree = "<group>"; };
		10C2B0EE1E73AB3C000CF39F /* Info.plist */ = {isa = PBXFileReference; lastKnownFileType = text.plist.xml; path = Info.plist; sourceTree = "<group>"; };
		10C2B0F81E73ABE2000CF39F /* NotoSans-Bold.ttf */ = {isa = PBXFileReference; lastKnownFileType = file; path = "NotoSans-Bold.ttf"; sourceTree = "<group>"; };
		10C2B0F91E73ABE2000CF39F /* NotoSans-BoldItalic.ttf */ = {isa = PBXFileReference; lastKnownFileType = file; path = "NotoSans-BoldItalic.ttf"; sourceTree = "<group>"; };
		10C2B0FA1E73ABE2000CF39F /* NotoSans-Italic.ttf */ = {isa = PBXFileReference; lastKnownFileType = file; path = "NotoSans-Italic.ttf"; sourceTree = "<group>"; };
		10C2B0FB1E73ABE2000CF39F /* NotoSans-Regular.ttf */ = {isa = PBXFileReference; lastKnownFileType = file; path = "NotoSans-Regular.ttf"; sourceTree = "<group>"; };
		10C2B1001E73AD6A000CF39F /* MaterialView.swift */ = {isa = PBXFileReference; fileEncoding = 4; lastKnownFileType = sourcecode.swift; path = MaterialView.swift; sourceTree = "<group>"; };
		10C2B1031E73ADA6000CF39F /* Constants.swift */ = {isa = PBXFileReference; fileEncoding = 4; lastKnownFileType = sourcecode.swift; path = Constants.swift; sourceTree = "<group>"; };
		10C2B1051E73C48B000CF39F /* MaterialButton.swift */ = {isa = PBXFileReference; fileEncoding = 4; lastKnownFileType = sourcecode.swift; path = MaterialButton.swift; sourceTree = "<group>"; };
		10C2B1071E73C678000CF39F /* MaterialTextField.swift */ = {isa = PBXFileReference; fileEncoding = 4; lastKnownFileType = sourcecode.swift; path = MaterialTextField.swift; sourceTree = "<group>"; };
		10C2B1171E7A0A2A000CF39F /* Bolts.framework */ = {isa = PBXFileReference; lastKnownFileType = wrapper.framework; path = Bolts.framework; sourceTree = "<group>"; };
		10C2B1181E7A0A2A000CF39F /* FBSDKCoreKit.framework */ = {isa = PBXFileReference; lastKnownFileType = wrapper.framework; path = FBSDKCoreKit.framework; sourceTree = "<group>"; };
		10C2B1191E7A0A2A000CF39F /* FBSDKLoginKit.framework */ = {isa = PBXFileReference; lastKnownFileType = wrapper.framework; path = FBSDKLoginKit.framework; sourceTree = "<group>"; };
		1288EC9BC1E2595808E9AF85 /* Pods-devslopes-showcase.debug.xcconfig */ = {isa = PBXFileReference; includeInIndex = 1; lastKnownFileType = text.xcconfig; name = "Pods-devslopes-showcase.debug.xcconfig"; path = "Pods/Target Support Files/Pods-devslopes-showcase/Pods-devslopes-showcase.debug.xcconfig"; sourceTree = "<group>"; };
		629BA958DCF6212774761A81 /* Pods_devslopes_showcase.framework */ = {isa = PBXFileReference; explicitFileType = wrapper.framework; includeInIndex = 0; path = Pods_devslopes_showcase.framework; sourceTree = BUILT_PRODUCTS_DIR; };
		ABB9922B611EB56CD37CE57C /* Pods-devslopes-showcase.release.xcconfig */ = {isa = PBXFileReference; includeInIndex = 1; lastKnownFileType = text.xcconfig; name = "Pods-devslopes-showcase.release.xcconfig"; path = "Pods/Target Support Files/Pods-devslopes-showcase/Pods-devslopes-showcase.release.xcconfig"; sourceTree = "<group>"; };
/* End PBXFileReference section */

/* Begin PBXFrameworksBuildPhase section */
		10C2B0DC1E73AB3C000CF39F /* Frameworks */ = {
			isa = PBXFrameworksBuildPhase;
			buildActionMask = 2147483647;
			files = (
				10C2B11A1E7A0A2A000CF39F /* Bolts.framework in Frameworks */,
				10C2B11B1E7A0A2A000CF39F /* FBSDKCoreKit.framework in Frameworks */,
				10C2B11C1E7A0A2A000CF39F /* FBSDKLoginKit.framework in Frameworks */,
				E5CE2E056F6326A1C17BE69A /* Pods_devslopes_showcase.framework in Frameworks */,
			);
			runOnlyForDeploymentPostprocessing = 0;
		};
/* End PBXFrameworksBuildPhase section */

/* Begin PBXGroup section */
		10C2B0D61E73AB3C000CF39F = {
			isa = PBXGroup;
			children = (
				10C2B0E11E73AB3C000CF39F /* devslopes-showcase */,
				10C2B0E01E73AB3C000CF39F /* Products */,
				9FC35585115C265EDA90D14B /* Pods */,
				634859DC2FBEAB50433AFEC5 /* Frameworks */,
			);
			sourceTree = "<group>";
		};
		10C2B0E01E73AB3C000CF39F /* Products */ = {
			isa = PBXGroup;
			children = (
				10C2B0DF1E73AB3C000CF39F /* devslopes-showcase.app */,
			);
			name = Products;
			sourceTree = "<group>";
		};
		10C2B0E11E73AB3C000CF39F /* devslopes-showcase */ = {
			isa = PBXGroup;
			children = (
				10C2B1161E7A0A13000CF39F /* Frameworks */,
				10C2B1021E73AD9D000CF39F /* Utilities */,
				10C2B0F71E73AB60000CF39F /* Resources */,
				10C2B0F61E73AB53000CF39F /* Model */,
				10C2B0F51E73AB50000CF39F /* View */,
				10C2B0F41E73AB4B000CF39F /* Controller */,
				10C2B0E21E73AB3C000CF39F /* AppDelegate.swift */,
				10C2B0E41E73AB3C000CF39F /* ViewController.swift */,
				10C2B0E61E73AB3C000CF39F /* Main.storyboard */,
				10C2B0E91E73AB3C000CF39F /* Assets.xcassets */,
				10C2B0EB1E73AB3C000CF39F /* LaunchScreen.storyboard */,
				10C2B0EE1E73AB3C000CF39F /* Info.plist */,
			);
			path = "devslopes-showcase";
			sourceTree = "<group>";
		};
		10C2B0F41E73AB4B000CF39F /* Controller */ = {
			isa = PBXGroup;
			children = (
			);
			name = Controller;
			sourceTree = "<group>";
		};
		10C2B0F51E73AB50000CF39F /* View */ = {
			isa = PBXGroup;
			children = (
				10C2B1001E73AD6A000CF39F /* MaterialView.swift */,
				10C2B1051E73C48B000CF39F /* MaterialButton.swift */,
				10C2B1071E73C678000CF39F /* MaterialTextField.swift */,
			);
			name = View;
			sourceTree = "<group>";
		};
		10C2B0F61E73AB53000CF39F /* Model */ = {
			isa = PBXGroup;
			children = (
			);
			name = Model;
			sourceTree = "<group>";
		};
		10C2B0F71E73AB60000CF39F /* Resources */ = {
			isa = PBXGroup;
			children = (
				10C2B0F81E73ABE2000CF39F /* NotoSans-Bold.ttf */,
				10C2B0F91E73ABE2000CF39F /* NotoSans-BoldItalic.ttf */,
				10C2B0FA1E73ABE2000CF39F /* NotoSans-Italic.ttf */,
				10C2B0FB1E73ABE2000CF39F /* NotoSans-Regular.ttf */,
			);
			name = Resources;
			sourceTree = "<group>";
		};
		10C2B1021E73AD9D000CF39F /* Utilities */ = {
			isa = PBXGroup;
			children = (
				10C2B1031E73ADA6000CF39F /* Constants.swift */,
			);
			name = Utilities;
			sourceTree = "<group>";
		};
		10C2B1161E7A0A13000CF39F /* Frameworks */ = {
			isa = PBXGroup;
			children = (
				10C2B1171E7A0A2A000CF39F /* Bolts.framework */,
				10C2B1181E7A0A2A000CF39F /* FBSDKCoreKit.framework */,
				10C2B1191E7A0A2A000CF39F /* FBSDKLoginKit.framework */,
			);
			name = Frameworks;
			sourceTree = "<group>";
		};
		634859DC2FBEAB50433AFEC5 /* Frameworks */ = {
			isa = PBXGroup;
			children = (
				629BA958DCF6212774761A81 /* Pods_devslopes_showcase.framework */,
			);
			name = Frameworks;
			sourceTree = "<group>";
		};
		9FC35585115C265EDA90D14B /* Pods */ = {
			isa = PBXGroup;
			children = (
				1288EC9BC1E2595808E9AF85 /* Pods-devslopes-showcase.debug.xcconfig */,
				ABB9922B611EB56CD37CE57C /* Pods-devslopes-showcase.release.xcconfig */,
			);
			name = Pods;
			sourceTree = "<group>";
		};
/* End PBXGroup section */

/* Begin PBXNativeTarget section */
		10C2B0DE1E73AB3C000CF39F /* devslopes-showcase */ = {
			isa = PBXNativeTarget;
			buildConfigurationList = 10C2B0F11E73AB3C000CF39F /* Build configuration list for PBXNativeTarget "devslopes-showcase" */;
			buildPhases = (
				9230E4E799CE6460875E978B /* [CP] Check Pods Manifest.lock */,
				10C2B0DB1E73AB3C000CF39F /* Sources */,
				10C2B0DC1E73AB3C000CF39F /* Frameworks */,
				10C2B0DD1E73AB3C000CF39F /* Resources */,
				936DFAF476B363F0FBF0FE00 /* [CP] Embed Pods Frameworks */,
				233D3373561A64556F707701 /* [CP] Copy Pods Resources */,
			);
			buildRules = (
			);
			dependencies = (
			);
			name = "devslopes-showcase";
			productName = "devslopes-showcase";
			productReference = 10C2B0DF1E73AB3C000CF39F /* devslopes-showcase.app */;
			productType = "com.apple.product-type.application";
		};
/* End PBXNativeTarget section */

/* Begin PBXProject section */
		10C2B0D71E73AB3C000CF39F /* Project object */ = {
			isa = PBXProject;
			attributes = {
				LastSwiftUpdateCheck = 0820;
				LastUpgradeCheck = 0820;
				ORGANIZATIONNAME = "Mohammad Hemani";
				TargetAttributes = {
					10C2B0DE1E73AB3C000CF39F = {
						CreatedOnToolsVersion = 8.2.1;
						ProvisioningStyle = Automatic;
					};
				};
			};
			buildConfigurationList = 10C2B0DA1E73AB3C000CF39F /* Build configuration list for PBXProject "devslopes-showcase" */;
			compatibilityVersion = "Xcode 3.2";
			developmentRegion = English;
			hasScannedForEncodings = 0;
			knownRegions = (
				en,
				Base,
			);
			mainGroup = 10C2B0D61E73AB3C000CF39F;
			productRefGroup = 10C2B0E01E73AB3C000CF39F /* Products */;
			projectDirPath = "";
			projectRoot = "";
			targets = (
				10C2B0DE1E73AB3C000CF39F /* devslopes-showcase */,
			);
		};
/* End PBXProject section */

/* Begin PBXResourcesBuildPhase section */
		10C2B0DD1E73AB3C000CF39F /* Resources */ = {
			isa = PBXResourcesBuildPhase;
			buildActionMask = 2147483647;
			files = (
				10C2B0FC1E73ABE2000CF39F /* NotoSans-Bold.ttf in Resources */,
				10C2B0ED1E73AB3C000CF39F /* LaunchScreen.storyboard in Resources */,
				10C2B0FD1E73ABE2000CF39F /* NotoSans-BoldItalic.ttf in Resources */,
				10C2B0FE1E73ABE2000CF39F /* NotoSans-Italic.ttf in Resources */,
				10C2B0EA1E73AB3C000CF39F /* Assets.xcassets in Resources */,
				10C2B0E81E73AB3C000CF39F /* Main.storyboard in Resources */,
				10C2B0FF1E73ABE2000CF39F /* NotoSans-Regular.ttf in Resources */,
			);
			runOnlyForDeploymentPostprocessing = 0;
		};
/* End PBXResourcesBuildPhase section */

/* Begin PBXShellScriptBuildPhase section */
		233D3373561A64556F707701 /* [CP] Copy Pods Resources */ = {
			isa = PBXShellScriptBuildPhase;
			buildActionMask = 2147483647;
			files = (
			);
			inputPaths = (
			);
			name = "[CP] Copy Pods Resources";
			outputPaths = (
			);
			runOnlyForDeploymentPostprocessing = 0;
			shellPath = /bin/sh;
			shellScript = "\"${SRCROOT}/Pods/Target Support Files/Pods-devslopes-showcase/Pods-devslopes-showcase-resources.sh\"\n";
			showEnvVarsInLog = 0;
		};
		9230E4E799CE6460875E978B /* [CP] Check Pods Manifest.lock */ = {
			isa = PBXShellScriptBuildPhase;
			buildActionMask = 2147483647;
			files = (
			);
			inputPaths = (
			);
			name = "[CP] Check Pods Manifest.lock";
			outputPaths = (
			);
			runOnlyForDeploymentPostprocessing = 0;
			shellPath = /bin/sh;
			shellScript = "diff \"${PODS_ROOT}/../Podfile.lock\" \"${PODS_ROOT}/Manifest.lock\" > /dev/null\nif [ $? != 0 ] ; then\n    # print error to STDERR\n    echo \"error: The sandbox is not in sync with the Podfile.lock. Run 'pod install' or update your CocoaPods installation.\" >&2\n    exit 1\nfi\n";
			showEnvVarsInLog = 0;
		};
		936DFAF476B363F0FBF0FE00 /* [CP] Embed Pods Frameworks */ = {
			isa = PBXShellScriptBuildPhase;
			buildActionMask = 2147483647;
			files = (
			);
			inputPaths = (
			);
			name = "[CP] Embed Pods Frameworks";
			outputPaths = (
			);
			runOnlyForDeploymentPostprocessing = 0;
			shellPath = /bin/sh;
			shellScript = "\"${SRCROOT}/Pods/Target Support Files/Pods-devslopes-showcase/Pods-devslopes-showcase-frameworks.sh\"\n";
			showEnvVarsInLog = 0;
		};
/* End PBXShellScriptBuildPhase section */

/* Begin PBXSourcesBuildPhase section */
		10C2B0DB1E73AB3C000CF39F /* Sources */ = {
			isa = PBXSourcesBuildPhase;
			buildActionMask = 2147483647;
			files = (
				10C2B1081E73C678000CF39F /* MaterialTextField.swift in Sources */,
				10C2B1011E73AD6A000CF39F /* MaterialView.swift in Sources */,
				10C2B0E51E73AB3C000CF39F /* ViewController.swift in Sources */,
				10C2B0E31E73AB3C000CF39F /* AppDelegate.swift in Sources */,
				10C2B1041E73ADA6000CF39F /* Constants.swift in Sources */,
				10C2B1061E73C48B000CF39F /* MaterialButton.swift in Sources */,
			);
			runOnlyForDeploymentPostprocessing = 0;
		};
/* End PBXSourcesBuildPhase section */

/* Begin PBXVariantGroup section */
		10C2B0E61E73AB3C000CF39F /* Main.storyboard */ = {
			isa = PBXVariantGroup;
			children = (
				10C2B0E71E73AB3C000CF39F /* Base */,
			);
			name = Main.storyboard;
			sourceTree = "<group>";
		};
		10C2B0EB1E73AB3C000CF39F /* LaunchScreen.storyboard */ = {
			isa = PBXVariantGroup;
			children = (
				10C2B0EC1E73AB3C000CF39F /* Base */,
			);
			name = LaunchScreen.storyboard;
			sourceTree = "<group>";
		};
/* End PBXVariantGroup section */

/* Begin XCBuildConfiguration section */
		10C2B0EF1E73AB3C000CF39F /* Debug */ = {
			isa = XCBuildConfiguration;
			buildSettings = {
				ALWAYS_SEARCH_USER_PATHS = NO;
				CLANG_ANALYZER_NONNULL = YES;
				CLANG_CXX_LANGUAGE_STANDARD = "gnu++0x";
				CLANG_CXX_LIBRARY = "libc++";
				CLANG_ENABLE_MODULES = YES;
				CLANG_ENABLE_OBJC_ARC = YES;
				CLANG_WARN_BOOL_CONVERSION = YES;
				CLANG_WARN_CONSTANT_CONVERSION = YES;
				CLANG_WARN_DIRECT_OBJC_ISA_USAGE = YES_ERROR;
				CLANG_WARN_DOCUMENTATION_COMMENTS = YES;
				CLANG_WARN_EMPTY_BODY = YES;
				CLANG_WARN_ENUM_CONVERSION = YES;
				CLANG_WARN_INFINITE_RECURSION = YES;
				CLANG_WARN_INT_CONVERSION = YES;
				CLANG_WARN_OBJC_ROOT_CLASS = YES_ERROR;
				CLANG_WARN_SUSPICIOUS_MOVE = YES;
				CLANG_WARN_UNREACHABLE_CODE = YES;
				CLANG_WARN__DUPLICATE_METHOD_MATCH = YES;
				"CODE_SIGN_IDENTITY[sdk=iphoneos*]" = "iPhone Developer";
				COPY_PHASE_STRIP = NO;
				DEBUG_INFORMATION_FORMAT = dwarf;
				ENABLE_STRICT_OBJC_MSGSEND = YES;
				ENABLE_TESTABILITY = YES;
				GCC_C_LANGUAGE_STANDARD = gnu99;
				GCC_DYNAMIC_NO_PIC = NO;
				GCC_NO_COMMON_BLOCKS = YES;
				GCC_OPTIMIZATION_LEVEL = 0;
				GCC_PREPROCESSOR_DEFINITIONS = (
					"DEBUG=1",
					"$(inherited)",
				);
				GCC_WARN_64_TO_32_BIT_CONVERSION = YES;
				GCC_WARN_ABOUT_RETURN_TYPE = YES_ERROR;
				GCC_WARN_UNDECLARED_SELECTOR = YES;
				GCC_WARN_UNINITIALIZED_AUTOS = YES_AGGRESSIVE;
				GCC_WARN_UNUSED_FUNCTION = YES;
				GCC_WARN_UNUSED_VARIABLE = YES;
				IPHONEOS_DEPLOYMENT_TARGET = 10.2;
				MTL_ENABLE_DEBUG_INFO = YES;
				ONLY_ACTIVE_ARCH = YES;
				SDKROOT = iphoneos;
				SWIFT_ACTIVE_COMPILATION_CONDITIONS = DEBUG;
				SWIFT_OPTIMIZATION_LEVEL = "-Onone";
				TARGETED_DEVICE_FAMILY = "1,2";
			};
			name = Debug;
		};
		10C2B0F01E73AB3C000CF39F /* Release */ = {
			isa = XCBuildConfiguration;
			buildSettings = {
				ALWAYS_SEARCH_USER_PATHS = NO;
				CLANG_ANALYZER_NONNULL = YES;
				CLANG_CXX_LANGUAGE_STANDARD = "gnu++0x";
				CLANG_CXX_LIBRARY = "libc++";
				CLANG_ENABLE_MODULES = YES;
				CLANG_ENABLE_OBJC_ARC = YES;
				CLANG_WARN_BOOL_CONVERSION = YES;
				CLANG_WARN_CONSTANT_CONVERSION = YES;
				CLANG_WARN_DIRECT_OBJC_ISA_USAGE = YES_ERROR;
				CLANG_WARN_DOCUMENTATION_COMMENTS = YES;
				CLANG_WARN_EMPTY_BODY = YES;
				CLANG_WARN_ENUM_CONVERSION = YES;
				CLANG_WARN_INFINITE_RECURSION = YES;
				CLANG_WARN_INT_CONVERSION = YES;
				CLANG_WARN_OBJC_ROOT_CLASS = YES_ERROR;
				CLANG_WARN_SUSPICIOUS_MOVE = YES;
				CLANG_WARN_UNREACHABLE_CODE = YES;
				CLANG_WARN__DUPLICATE_METHOD_MATCH = YES;
				"CODE_SIGN_IDENTITY[sdk=iphoneos*]" = "iPhone Developer";
				COPY_PHASE_STRIP = NO;
				DEBUG_INFORMATION_FORMAT = "dwarf-with-dsym";
				ENABLE_NS_ASSERTIONS = NO;
				ENABLE_STRICT_OBJC_MSGSEND = YES;
				GCC_C_LANGUAGE_STANDARD = gnu99;
				GCC_NO_COMMON_BLOCKS = YES;
				GCC_WARN_64_TO_32_BIT_CONVERSION = YES;
				GCC_WARN_ABOUT_RETURN_TYPE = YES_ERROR;
				GCC_WARN_UNDECLARED_SELECTOR = YES;
				GCC_WARN_UNINITIALIZED_AUTOS = YES_AGGRESSIVE;
				GCC_WARN_UNUSED_FUNCTION = YES;
				GCC_WARN_UNUSED_VARIABLE = YES;
				IPHONEOS_DEPLOYMENT_TARGET = 10.2;
				MTL_ENABLE_DEBUG_INFO = NO;
				SDKROOT = iphoneos;
				SWIFT_OPTIMIZATION_LEVEL = "-Owholemodule";
				TARGETED_DEVICE_FAMILY = "1,2";
				VALIDATE_PRODUCT = YES;
			};
			name = Release;
		};
		10C2B0F21E73AB3C000CF39F /* Debug */ = {
			isa = XCBuildConfiguration;
			baseConfigurationReference = 1288EC9BC1E2595808E9AF85 /* Pods-devslopes-showcase.debug.xcconfig */;
			buildSettings = {
				ASSETCATALOG_COMPILER_APPICON_NAME = AppIcon;
				FRAMEWORK_SEARCH_PATHS = (
					"$(inherited)",
					"$(PROJECT_DIR)/devslopes-showcase",
				);
				INFOPLIST_FILE = "devslopes-showcase/Info.plist";
				LD_RUNPATH_SEARCH_PATHS = "$(inherited) @executable_path/Frameworks";
				PRODUCT_BUNDLE_IDENTIFIER = "com.mshayanh13.devslopes-showcase";
				PRODUCT_NAME = "$(TARGET_NAME)";
				SWIFT_VERSION = 3.0;
			};
			name = Debug;
		};
		10C2B0F31E73AB3C000CF39F /* Release */ = {
			isa = XCBuildConfiguration;
			baseConfigurationReference = ABB9922B611EB56CD37CE57C /* Pods-devslopes-showcase.release.xcconfig */;
			buildSettings = {
				ASSETCATALOG_COMPILER_APPICON_NAME = AppIcon;
				FRAMEWORK_SEARCH_PATHS = (
					"$(inherited)",
					"$(PROJECT_DIR)/devslopes-showcase",
				);
				INFOPLIST_FILE = "devslopes-showcase/Info.plist";
				LD_RUNPATH_SEARCH_PATHS = "$(inherited) @executable_path/Frameworks";
				PRODUCT_BUNDLE_IDENTIFIER = "com.mshayanh13.devslopes-showcase";
				PRODUCT_NAME = "$(TARGET_NAME)";
				SWIFT_VERSION = 3.0;
			};
			name = Release;
		};
/* End XCBuildConfiguration section */

/* Begin XCConfigurationList section */
		10C2B0DA1E73AB3C000CF39F /* Build configuration list for PBXProject "devslopes-showcase" */ = {
			isa = XCConfigurationList;
			buildConfigurations = (
				10C2B0EF1E73AB3C000CF39F /* Debug */,
				10C2B0F01E73AB3C000CF39F /* Release */,
			);
			defaultConfigurationIsVisible = 0;
			defaultConfigurationName = Release;
		};
		10C2B0F11E73AB3C000CF39F /* Build configuration list for PBXNativeTarget "devslopes-showcase" */ = {
			isa = XCConfigurationList;
			buildConfigurations = (
				10C2B0F21E73AB3C000CF39F /* Debug */,
				10C2B0F31E73AB3C000CF39F /* Release */,
			);
			defaultConfigurationIsVisible = 0;
		};
/* End XCConfigurationList section */
	};
	rootObject = 10C2B0D71E73AB3C000CF39F /* Project object */;
}
